// !$*UTF8*$!
{
	archiveVersion = 1;
	classes = {
	};
	objectVersion = 46;
	objects = {

/* Begin PBXBuildFile section */
		8E27463EFBE93EE668C020FE /* Pods_Interviewer.framework in Frameworks */ = {isa = PBXBuildFile; fileRef = 08866DBCED70BAF50A19181F /* Pods_Interviewer.framework */; };
		FA9E54451F143B9000FE5DC1 /* GoogleService-Info.plist in Resources */ = {isa = PBXBuildFile; fileRef = FA9E54441F143B9000FE5DC1 /* GoogleService-Info.plist */; };
		FA9E54501F143E8400FE5DC1 /* ViewController.swift in Sources */ = {isa = PBXBuildFile; fileRef = FA9E544F1F143E8400FE5DC1 /* ViewController.swift */; };
		FA9E54521F143EB400FE5DC1 /* LaunchScreen.storyboard in Resources */ = {isa = PBXBuildFile; fileRef = FA9E54511F143EB400FE5DC1 /* LaunchScreen.storyboard */; };
		FA9E54541F143EC500FE5DC1 /* Main.storyboard in Resources */ = {isa = PBXBuildFile; fileRef = FA9E54531F143EC500FE5DC1 /* Main.storyboard */; };
		FA9E54581F1446A700FE5DC1 /* LoginViewController.swift in Sources */ = {isa = PBXBuildFile; fileRef = FA9E54571F1446A700FE5DC1 /* LoginViewController.swift */; };
		FA9E545C1F16817600FE5DC1 /* PracticeScreen.storyboard in Resources */ = {isa = PBXBuildFile; fileRef = FA9E545B1F16817600FE5DC1 /* PracticeScreen.storyboard */; };
		FA9E54601F16A6DF00FE5DC1 /* Home.storyboard in Resources */ = {isa = PBXBuildFile; fileRef = FA9E545F1F16A6DF00FE5DC1 /* Home.storyboard */; };
		FA9E54641F16CD2E00FE5DC1 /* CommonQuestionsTableView.swift in Sources */ = {isa = PBXBuildFile; fileRef = FA9E54631F16CD2E00FE5DC1 /* CommonQuestionsTableView.swift */; };
		FA9E546A1F16D05F00FE5DC1 /* Login.storyboard in Resources */ = {isa = PBXBuildFile; fileRef = FA9E54691F16D05F00FE5DC1 /* Login.storyboard */; };
		FAFDA7B31F143557001C5E5B /* AppDelegate.swift in Sources */ = {isa = PBXBuildFile; fileRef = FAFDA7B21F143557001C5E5B /* AppDelegate.swift */; };
		FAFDA7BA1F143557001C5E5B /* Assets.xcassets in Resources */ = {isa = PBXBuildFile; fileRef = FAFDA7B91F143557001C5E5B /* Assets.xcassets */; };
/* End PBXBuildFile section */

/* Begin PBXFileReference section */
		08866DBCED70BAF50A19181F /* Pods_Interviewer.framework */ = {isa = PBXFileReference; explicitFileType = wrapper.framework; includeInIndex = 0; path = Pods_Interviewer.framework; sourceTree = BUILT_PRODUCTS_DIR; };
		C5E43D6523B53EFA1F499C40 /* Pods-Interviewer.debug.xcconfig */ = {isa = PBXFileReference; includeInIndex = 1; lastKnownFileType = text.xcconfig; name = "Pods-Interviewer.debug.xcconfig"; path = "Pods/Target Support Files/Pods-Interviewer/Pods-Interviewer.debug.xcconfig"; sourceTree = "<group>"; };
		FA9E54421F143B7F00FE5DC1 /* Info.plist */ = {isa = PBXFileReference; fileEncoding = 4; lastKnownFileType = text.plist.xml; name = Info.plist; path = "Supporting Files/Info.plist"; sourceTree = "<group>"; };
		FA9E54441F143B9000FE5DC1 /* GoogleService-Info.plist */ = {isa = PBXFileReference; fileEncoding = 4; lastKnownFileType = text.plist.xml; name = "GoogleService-Info.plist"; path = "Supporting Files/GoogleService-Info.plist"; sourceTree = "<group>"; };
		FA9E544F1F143E8400FE5DC1 /* ViewController.swift */ = {isa = PBXFileReference; fileEncoding = 4; lastKnownFileType = sourcecode.swift; name = ViewController.swift; path = "View Controllers/ViewController.swift"; sourceTree = "<group>"; };
		FA9E54511F143EB400FE5DC1 /* LaunchScreen.storyboard */ = {isa = PBXFileReference; fileEncoding = 4; lastKnownFileType = file.storyboard; name = LaunchScreen.storyboard; path = Storyboards/LaunchScreen.storyboard; sourceTree = "<group>"; };
		FA9E54531F143EC500FE5DC1 /* Main.storyboard */ = {isa = PBXFileReference; fileEncoding = 4; lastKnownFileType = file.storyboard; name = Main.storyboard; path = Storyboards/Main.storyboard; sourceTree = "<group>"; };
		FA9E54571F1446A700FE5DC1 /* LoginViewController.swift */ = {isa = PBXFileReference; fileEncoding = 4; lastKnownFileType = sourcecode.swift; path = LoginViewController.swift; sourceTree = "<group>"; };
		FA9E545B1F16817600FE5DC1 /* PracticeScreen.storyboard */ = {isa = PBXFileReference; fileEncoding = 4; lastKnownFileType = file.storyboard; name = PracticeScreen.storyboard; path = Storyboards/PracticeScreen.storyboard; sourceTree = "<group>"; };
		FA9E545F1F16A6DF00FE5DC1 /* Home.storyboard */ = {isa = PBXFileReference; fileEncoding = 4; lastKnownFileType = file.storyboard; name = Home.storyboard; path = Storyboards/Home.storyboard; sourceTree = "<group>"; };
		FA9E54631F16CD2E00FE5DC1 /* CommonQuestionsTableView.swift */ = {isa = PBXFileReference; fileEncoding = 4; lastKnownFileType = sourcecode.swift; name = CommonQuestionsTableView.swift; path = "View Controllers/CommonQuestionsTableView.swift"; sourceTree = "<group>"; };
		FA9E54691F16D05F00FE5DC1 /* Login.storyboard */ = {isa = PBXFileReference; fileEncoding = 4; lastKnownFileType = file.storyboard; name = Login.storyboard; path = ../../../../Downloads/Login.storyboard; sourceTree = "<group>"; };
		FAFDA7AF1F143557001C5E5B /* Interviewer.app */ = {isa = PBXFileReference; explicitFileType = wrapper.application; includeInIndex = 0; path = Interviewer.app; sourceTree = BUILT_PRODUCTS_DIR; };
		FAFDA7B21F143557001C5E5B /* AppDelegate.swift */ = {isa = PBXFileReference; lastKnownFileType = sourcecode.swift; path = AppDelegate.swift; sourceTree = "<group>"; };
		FAFDA7B91F143557001C5E5B /* Assets.xcassets */ = {isa = PBXFileReference; lastKnownFileType = folder.assetcatalog; path = Assets.xcassets; sourceTree = "<group>"; };
		FC754ABA89DE78AAB689A49D /* Pods-Interviewer.release.xcconfig */ = {isa = PBXFileReference; includeInIndex = 1; lastKnownFileType = text.xcconfig; name = "Pods-Interviewer.release.xcconfig"; path = "Pods/Target Support Files/Pods-Interviewer/Pods-Interviewer.release.xcconfig"; sourceTree = "<group>"; };
/* End PBXFileReference section */

/* Begin PBXFrameworksBuildPhase section */
		FAFDA7AC1F143557001C5E5B /* Frameworks */ = {
			isa = PBXFrameworksBuildPhase;
			buildActionMask = 2147483647;
			files = (
				8E27463EFBE93EE668C020FE /* Pods_Interviewer.framework in Frameworks */,
			);
			runOnlyForDeploymentPostprocessing = 0;
		};
/* End PBXFrameworksBuildPhase section */

/* Begin PBXGroup section */
		2EC98D8F271D363D81A18C46 /* Pods */ = {
			isa = PBXGroup;
			children = (
				C5E43D6523B53EFA1F499C40 /* Pods-Interviewer.debug.xcconfig */,
				FC754ABA89DE78AAB689A49D /* Pods-Interviewer.release.xcconfig */,
			);
			name = Pods;
			sourceTree = "<group>";
		};
		87D3BBBDFAD86342C2055B2F /* Frameworks */ = {
			isa = PBXGroup;
			children = (
				08866DBCED70BAF50A19181F /* Pods_Interviewer.framework */,
			);
			name = Frameworks;
			sourceTree = "<group>";
		};
		FA9E54481F143C0500FE5DC1 /* Supporting Files */ = {
			isa = PBXGroup;
			children = (
				FA9E54441F143B9000FE5DC1 /* GoogleService-Info.plist */,
				FA9E54421F143B7F00FE5DC1 /* Info.plist */,
			);
			name = "Supporting Files";
			sourceTree = "<group>";
		};
		FA9E54491F143C3000FE5DC1 /* View Controllers */ = {
			isa = PBXGroup;
			children = (
				FA9E54571F1446A700FE5DC1 /* LoginViewController.swift */,
				FA9E544F1F143E8400FE5DC1 /* ViewController.swift */,
				FA9E54631F16CD2E00FE5DC1 /* CommonQuestionsTableView.swift */,
			);
			name = "View Controllers";
			sourceTree = "<group>";
		};
		FA9E544E1F143C8500FE5DC1 /* Storyboards */ = {
			isa = PBXGroup;
			children = (
				FA9E54531F143EC500FE5DC1 /* Main.storyboard */,
				FA9E54691F16D05F00FE5DC1 /* Login.storyboard */,
				FA9E54511F143EB400FE5DC1 /* LaunchScreen.storyboard */,
				FA9E545F1F16A6DF00FE5DC1 /* Home.storyboard */,
				FA9E545B1F16817600FE5DC1 /* PracticeScreen.storyboard */,
			);
			name = Storyboards;
			sourceTree = "<group>";
		};
		FAFDA7A61F143557001C5E5B = {
			isa = PBXGroup;
			children = (
				FAFDA7B11F143557001C5E5B /* Interviewer */,
				FAFDA7B01F143557001C5E5B /* Products */,
				2EC98D8F271D363D81A18C46 /* Pods */,
				87D3BBBDFAD86342C2055B2F /* Frameworks */,
			);
			sourceTree = "<group>";
		};
		FAFDA7B01F143557001C5E5B /* Products */ = {
			isa = PBXGroup;
			children = (
				FAFDA7AF1F143557001C5E5B /* Interviewer.app */,
			);
			name = Products;
			sourceTree = "<group>";
		};
		FAFDA7B11F143557001C5E5B /* Interviewer */ = {
			isa = PBXGroup;
			children = (
				FAFDA7B21F143557001C5E5B /* AppDelegate.swift */,
				FAFDA7B91F143557001C5E5B /* Assets.xcassets */,
				FA9E544E1F143C8500FE5DC1 /* Storyboards */,
				FA9E54491F143C3000FE5DC1 /* View Controllers */,
				FA9E54481F143C0500FE5DC1 /* Supporting Files */,
			);
			path = Interviewer;
			sourceTree = "<group>";
		};
/* End PBXGroup section */

/* Begin PBXNativeTarget section */
		FAFDA7AE1F143557001C5E5B /* Interviewer */ = {
			isa = PBXNativeTarget;
			buildConfigurationList = FAFDA7C11F143557001C5E5B /* Build configuration list for PBXNativeTarget "Interviewer" */;
			buildPhases = (
				924F73B8A3CEBD2EC7A25705 /* [CP] Check Pods Manifest.lock */,
				FAFDA7AB1F143557001C5E5B /* Sources */,
				FAFDA7AC1F143557001C5E5B /* Frameworks */,
				FAFDA7AD1F143557001C5E5B /* Resources */,
				B49B2C138F35689CD1986D77 /* [CP] Embed Pods Frameworks */,
				2C2BB19CDD297BB4F5A16836 /* [CP] Copy Pods Resources */,
			);
			buildRules = (
			);
			dependencies = (
			);
			name = Interviewer;
			productName = Interviewer;
			productReference = FAFDA7AF1F143557001C5E5B /* Interviewer.app */;
			productType = "com.apple.product-type.application";
		};
/* End PBXNativeTarget section */

/* Begin PBXProject section */
		FAFDA7A71F143557001C5E5B /* Project object */ = {
			isa = PBXProject;
			attributes = {
				LastSwiftUpdateCheck = 0830;
				LastUpgradeCheck = 0830;
				ORGANIZATIONNAME = LC;
				TargetAttributes = {
					FAFDA7AE1F143557001C5E5B = {
						CreatedOnToolsVersion = 8.3.3;
						DevelopmentTeam = JFZU5X4BKS;
						ProvisioningStyle = Automatic;
					};
				};
			};
			buildConfigurationList = FAFDA7AA1F143557001C5E5B /* Build configuration list for PBXProject "Interviewer" */;
			compatibilityVersion = "Xcode 3.2";
			developmentRegion = English;
			hasScannedForEncodings = 0;
			knownRegions = (
				en,
				Base,
			);
			mainGroup = FAFDA7A61F143557001C5E5B;
			productRefGroup = FAFDA7B01F143557001C5E5B /* Products */;
			projectDirPath = "";
			projectRoot = "";
			targets = (
				FAFDA7AE1F143557001C5E5B /* Interviewer */,
			);
		};
/* End PBXProject section */

/* Begin PBXResourcesBuildPhase section */
		FAFDA7AD1F143557001C5E5B /* Resources */ = {
			isa = PBXResourcesBuildPhase;
			buildActionMask = 2147483647;
			files = (
				FA9E54521F143EB400FE5DC1 /* LaunchScreen.storyboard in Resources */,
				FA9E545C1F16817600FE5DC1 /* PracticeScreen.storyboard in Resources */,
				FA9E54601F16A6DF00FE5DC1 /* Home.storyboard in Resources */,
				FA9E546A1F16D05F00FE5DC1 /* Login.storyboard in Resources */,
				FA9E54451F143B9000FE5DC1 /* GoogleService-Info.plist in Resources */,
				FAFDA7BA1F143557001C5E5B /* Assets.xcassets in Resources */,
				FA9E54541F143EC500FE5DC1 /* Main.storyboard in Resources */,
			);
			runOnlyForDeploymentPostprocessing = 0;
		};
/* End PBXResourcesBuildPhase section */

/* Begin PBXShellScriptBuildPhase section */
		2C2BB19CDD297BB4F5A16836 /* [CP] Copy Pods Resources */ = {
			isa = PBXShellScriptBuildPhase;
			buildActionMask = 2147483647;
			files = (
			);
			inputPaths = (
			);
			name = "[CP] Copy Pods Resources";
			outputPaths = (
			);
			runOnlyForDeploymentPostprocessing = 0;
			shellPath = /bin/sh;
			shellScript = "\"${SRCROOT}/Pods/Target Support Files/Pods-Interviewer/Pods-Interviewer-resources.sh\"\n";
			showEnvVarsInLog = 0;
		};
		924F73B8A3CEBD2EC7A25705 /* [CP] Check Pods Manifest.lock */ = {
			isa = PBXShellScriptBuildPhase;
			buildActionMask = 2147483647;
			files = (
			);
			inputPaths = (
			);
			name = "[CP] Check Pods Manifest.lock";
			outputPaths = (
			);
			runOnlyForDeploymentPostprocessing = 0;
			shellPath = /bin/sh;
			shellScript = "diff \"${PODS_PODFILE_DIR_PATH}/Podfile.lock\" \"${PODS_ROOT}/Manifest.lock\" > /dev/null\nif [ $? != 0 ] ; then\n    # print error to STDERR\n    echo \"error: The sandbox is not in sync with the Podfile.lock. Run 'pod install' or update your CocoaPods installation.\" >&2\n    exit 1\nfi\n";
			showEnvVarsInLog = 0;
		};
		B49B2C138F35689CD1986D77 /* [CP] Embed Pods Frameworks */ = {
			isa = PBXShellScriptBuildPhase;
			buildActionMask = 2147483647;
			files = (
			);
			inputPaths = (
			);
			name = "[CP] Embed Pods Frameworks";
			outputPaths = (
			);
			runOnlyForDeploymentPostprocessing = 0;
			shellPath = /bin/sh;
			shellScript = "\"${SRCROOT}/Pods/Target Support Files/Pods-Interviewer/Pods-Interviewer-frameworks.sh\"\n";
			showEnvVarsInLog = 0;
		};
/* End PBXShellScriptBuildPhase section */

/* Begin PBXSourcesBuildPhase section */
		FAFDA7AB1F143557001C5E5B /* Sources */ = {
			isa = PBXSourcesBuildPhase;
			buildActionMask = 2147483647;
			files = (
				FA9E54641F16CD2E00FE5DC1 /* CommonQuestionsTableView.swift in Sources */,
				FA9E54581F1446A700FE5DC1 /* LoginViewController.swift in Sources */,
				FA9E54501F143E8400FE5DC1 /* ViewController.swift in Sources */,
				FAFDA7B31F143557001C5E5B /* AppDelegate.swift in Sources */,
			);
			runOnlyForDeploymentPostprocessing = 0;
		};
/* End PBXSourcesBuildPhase section */

/* Begin XCBuildConfiguration section */
		FAFDA7BF1F143557001C5E5B /* Debug */ = {
			isa = XCBuildConfiguration;
			buildSettings = {
				ALWAYS_SEARCH_USER_PATHS = NO;
				CLANG_ANALYZER_NONNULL = YES;
				CLANG_ANALYZER_NUMBER_OBJECT_CONVERSION = YES_AGGRESSIVE;
				CLANG_CXX_LANGUAGE_STANDARD = "gnu++0x";
				CLANG_CXX_LIBRARY = "libc++";
				CLANG_ENABLE_MODULES = YES;
				CLANG_ENABLE_OBJC_ARC = YES;
				CLANG_WARN_BOOL_CONVERSION = YES;
				CLANG_WARN_CONSTANT_CONVERSION = YES;
				CLANG_WARN_DIRECT_OBJC_ISA_USAGE = YES_ERROR;
				CLANG_WARN_DOCUMENTATION_COMMENTS = YES;
				CLANG_WARN_EMPTY_BODY = YES;
				CLANG_WARN_ENUM_CONVERSION = YES;
				CLANG_WARN_INFINITE_RECURSION = YES;
				CLANG_WARN_INT_CONVERSION = YES;
				CLANG_WARN_OBJC_ROOT_CLASS = YES_ERROR;
				CLANG_WARN_SUSPICIOUS_MOVE = YES;
				CLANG_WARN_UNREACHABLE_CODE = YES;
				CLANG_WARN__DUPLICATE_METHOD_MATCH = YES;
				"CODE_SIGN_IDENTITY[sdk=iphoneos*]" = "iPhone Developer";
				COPY_PHASE_STRIP = NO;
				DEBUG_INFORMATION_FORMAT = dwarf;
				ENABLE_STRICT_OBJC_MSGSEND = YES;
				ENABLE_TESTABILITY = YES;
				GCC_C_LANGUAGE_STANDARD = gnu99;
				GCC_DYNAMIC_NO_PIC = NO;
				GCC_NO_COMMON_BLOCKS = YES;
				GCC_OPTIMIZATION_LEVEL = 0;
				GCC_PREPROCESSOR_DEFINITIONS = (
					"DEBUG=1",
					"$(inherited)",
				);
				GCC_WARN_64_TO_32_BIT_CONVERSION = YES;
				GCC_WARN_ABOUT_RETURN_TYPE = YES_ERROR;
				GCC_WARN_UNDECLARED_SELECTOR = YES;
				GCC_WARN_UNINITIALIZED_AUTOS = YES_AGGRESSIVE;
				GCC_WARN_UNUSED_FUNCTION = YES;
				GCC_WARN_UNUSED_VARIABLE = YES;
				IPHONEOS_DEPLOYMENT_TARGET = 10.3;
				MTL_ENABLE_DEBUG_INFO = YES;
				ONLY_ACTIVE_ARCH = YES;
				SDKROOT = iphoneos;
				SWIFT_ACTIVE_COMPILATION_CONDITIONS = DEBUG;
				SWIFT_OPTIMIZATION_LEVEL = "-Onone";
				TARGETED_DEVICE_FAMILY = "1,2";
			};
			name = Debug;
		};
		FAFDA7C01F143557001C5E5B /* Release */ = {
			isa = XCBuildConfiguration;
			buildSettings = {
				ALWAYS_SEARCH_USER_PATHS = NO;
				CLANG_ANALYZER_NONNULL = YES;
				CLANG_ANALYZER_NUMBER_OBJECT_CONVERSION = YES_AGGRESSIVE;
				CLANG_CXX_LANGUAGE_STANDARD = "gnu++0x";
				CLANG_CXX_LIBRARY = "libc++";
				CLANG_ENABLE_MODULES = YES;
				CLANG_ENABLE_OBJC_ARC = YES;
				CLANG_WARN_BOOL_CONVERSION = YES;
				CLANG_WARN_CONSTANT_CONVERSION = YES;
				CLANG_WARN_DIRECT_OBJC_ISA_USAGE = YES_ERROR;
				CLANG_WARN_DOCUMENTATION_COMMENTS = YES;
				CLANG_WARN_EMPTY_BODY = YES;
				CLANG_WARN_ENUM_CONVERSION = YES;
				CLANG_WARN_INFINITE_RECURSION = YES;
				CLANG_WARN_INT_CONVERSION = YES;
				CLANG_WARN_OBJC_ROOT_CLASS = YES_ERROR;
				CLANG_WARN_SUSPICIOUS_MOVE = YES;
				CLANG_WARN_UNREACHABLE_CODE = YES;
				CLANG_WARN__DUPLICATE_METHOD_MATCH = YES;
				"CODE_SIGN_IDENTITY[sdk=iphoneos*]" = "iPhone Developer";
				COPY_PHASE_STRIP = NO;
				DEBUG_INFORMATION_FORMAT = "dwarf-with-dsym";
				ENABLE_NS_ASSERTIONS = NO;
				ENABLE_STRICT_OBJC_MSGSEND = YES;
				GCC_C_LANGUAGE_STANDARD = gnu99;
				GCC_NO_COMMON_BLOCKS = YES;
				GCC_WARN_64_TO_32_BIT_CONVERSION = YES;
				GCC_WARN_ABOUT_RETURN_TYPE = YES_ERROR;
				GCC_WARN_UNDECLARED_SELECTOR = YES;
				GCC_WARN_UNINITIALIZED_AUTOS = YES_AGGRESSIVE;
				GCC_WARN_UNUSED_FUNCTION = YES;
				GCC_WARN_UNUSED_VARIABLE = YES;
				IPHONEOS_DEPLOYMENT_TARGET = 10.3;
				MTL_ENABLE_DEBUG_INFO = NO;
				SDKROOT = iphoneos;
				SWIFT_OPTIMIZATION_LEVEL = "-Owholemodule";
				TARGETED_DEVICE_FAMILY = "1,2";
				VALIDATE_PRODUCT = YES;
			};
			name = Release;
		};
		FAFDA7C21F143557001C5E5B /* Debug */ = {
			isa = XCBuildConfiguration;
			baseConfigurationReference = C5E43D6523B53EFA1F499C40 /* Pods-Interviewer.debug.xcconfig */;
			buildSettings = {
				ASSETCATALOG_COMPILER_APPICON_NAME = AppIcon;
				DEVELOPMENT_TEAM = JFZU5X4BKS;
				INFOPLIST_FILE = "$(SRCROOT)/Interviewer/Supporting Files/Info.plist";
				LD_RUNPATH_SEARCH_PATHS = "$(inherited) @executable_path/Frameworks";
				PRODUCT_BUNDLE_IDENTIFIER = com.makeschool.Interviewer;
				PRODUCT_NAME = "$(TARGET_NAME)";
				SWIFT_OPTIMIZATION_LEVEL = "-O";
				SWIFT_VERSION = 3.0;
			};
			name = Debug;
		};
		FAFDA7C31F143557001C5E5B /* Release */ = {
			isa = XCBuildConfiguration;
			baseConfigurationReference = FC754ABA89DE78AAB689A49D /* Pods-Interviewer.release.xcconfig */;
			buildSettings = {
				ASSETCATALOG_COMPILER_APPICON_NAME = AppIcon;
				DEVELOPMENT_TEAM = JFZU5X4BKS;
				INFOPLIST_FILE = "$(SRCROOT)/Interviewer/Supporting Files/Info.plist";
				LD_RUNPATH_SEARCH_PATHS = "$(inherited) @executable_path/Frameworks";
				PRODUCT_BUNDLE_IDENTIFIER = com.makeschool.Interviewer;
				PRODUCT_NAME = "$(TARGET_NAME)";
				SWIFT_OPTIMIZATION_LEVEL = "-O";
				SWIFT_VERSION = 3.0;
			};
			name = Release;
		};
/* End XCBuildConfiguration section */

/* Begin XCConfigurationList section */
		FAFDA7AA1F143557001C5E5B /* Build configuration list for PBXProject "Interviewer" */ = {
			isa = XCConfigurationList;
			buildConfigurations = (
				FAFDA7BF1F143557001C5E5B /* Debug */,
				FAFDA7C01F143557001C5E5B /* Release */,
			);
			defaultConfigurationIsVisible = 0;
			defaultConfigurationName = Release;
		};
		FAFDA7C11F143557001C5E5B /* Build configuration list for PBXNativeTarget "Interviewer" */ = {
			isa = XCConfigurationList;
			buildConfigurations = (
				FAFDA7C21F143557001C5E5B /* Debug */,
				FAFDA7C31F143557001C5E5B /* Release */,
			);
			defaultConfigurationIsVisible = 0;
			defaultConfigurationName = Release;
		};
/* End XCConfigurationList section */
	};
	rootObject = FAFDA7A71F143557001C5E5B /* Project object */;
}
